<Solution>
  <Folder Name="/src/">
    <Project Path="src/Sendr.Abstractions/Sendr.Abstractions.csproj" />
    <Project Path="src/Sendr/Sendr.csproj" />
  </Folder>
  <Folder Name="/tests/">
    <Project Path="tests/Benchmark/Benchmark.csproj" />
    <Project Path="tests/UnitTests/UnitTests.csproj" />
  </Folder>
</Solution>
